{
  "name": "gui",
  "version": "1.0.0",
  "lockfileVersion": 3,
  "requires": true,
  "packages": {
    "": {
      "name": "gui",
      "version": "1.0.0",
      "dependencies": {
        "@uirouter/angularjs": "^0.2.18",
        "angular": "1.7.9",
        "angular-animate": "1.7.9",
        "angular-aria": "1.7.9",
        "angular-chart.js": "1.1.1",
        "angular-cookies": "1.7.9",
        "angular-datatables": "0.6.2",
        "angular-ladda": "0.4.3",
        "angular-loader": "1.7.9",
        "angular-messages": "1.7.9",
        "angular-mocks": "1.7.9",
        "angular-parse-ext": "1.7.9",
        "angular-resource": "1.7.9",
        "angular-route": "1.7.9",
        "angular-sanitize": "1.7.9",
        "angular-sweetalert": "1.1.2",
        "angular-touch": "1.7.9",
        "angular-ui-bootstrap": "1.1.2",
        "angularjs-toaster": "0.4.15",
        "bootstrap": "3.3.6",
        "font-awesome": "4.7.0",
        "jquery": "2.1.1",
        "jquery-slimscroll": "1.3.6",
        "jquery-ui": "1.10.4",
        "metismenu": "2.0.2",
        "moment": "2.8.1",
        "ng-idle": "1.0.4",
        "oclazyload": "1.1.0",
        "pace-js": "1.2.4",
        "prismjs": "1.25.0",
        "tinycon": "0.6.8"
      }
    },
    "node_modules/@uirouter/angularjs": {
      "version": "0.2.18",
      "resolved": "https://registry.npmjs.org/@uirouter/angularjs/-/angularjs-0.2.18.tgz",
      "integrity": "sha512-CNKH7F/zEI2HPMDlO2Gd1IJQjaF72XrMVeHSgSURvEx5xdFYAOfod16XrN4tEG5getlscSdKgXRAj7FAoNVrEA==",
      "dependencies": {
        "angular": "^1.0.8"
      }
    },
    "node_modules/angular": {
      "version": "1.7.9",
      "resolved": "https://registry.npmjs.org/angular/-/angular-1.7.9.tgz",
      "integrity": "sha512-5se7ZpcOtu0MBFlzGv5dsM1quQDoDeUTwZrWjGtTNA7O88cD8TEk5IEKCTDa3uECV9XnvKREVUr7du1ACiWGFQ==",
      "deprecated": "For the actively supported Angular, see https://www.npmjs.com/package/@angular/core. AngularJS support has officially ended. For extended AngularJS support options, see https://goo.gle/angularjs-path-forward."
    },
    "node_modules/angular-animate": {
      "version": "1.7.9",
      "resolved": "https://registry.npmjs.org/angular-animate/-/angular-animate-1.7.9.tgz",
      "integrity": "sha512-fV+AISy/HTzurQH2ngsJg+lLIvfu0ahc1h4AYKauaXVw97rZc2k4iUA1bMstiEyClsdayQX568kjQc1NK+oYhw==",
      "deprecated": "For the actively supported Angular, see https://www.npmjs.com/package/@angular/core. AngularJS support has officially ended. For extended AngularJS support options, see https://goo.gle/angularjs-path-forward."
    },
    "node_modules/angular-aria": {
      "version": "1.7.9",
      "resolved": "https://registry.npmjs.org/angular-aria/-/angular-aria-1.7.9.tgz",
      "integrity": "sha512-luI3Jemd1AbOQW0krdzfEG3fM0IFtLY0bSSqIDEx3POE0XjKIC1MkrO8Csyq9PPgueLphyAPofzUwZ8YeZ88SA==",
      "deprecated": "For the actively supported Angular, see https://www.npmjs.com/package/@angular/core. AngularJS support has officially ended. For extended AngularJS support options, see https://goo.gle/angularjs-path-forward."
    },
    "node_modules/angular-chart.js": {
      "version": "1.1.1",
      "resolved": "https://registry.npmjs.org/angular-chart.js/-/angular-chart.js-1.1.1.tgz",
      "integrity": "sha512-6lqkeQvoEOMqtIzHLeOC68fdeqjdgeQ4b3bUG3Lm6X1Y6IBM0m91G6VuVA3EV0puwPuIWz4VYkzjd0DPHhIcpA==",
      "dependencies": {
        "angular": "1.x",
        "chart.js": "2.3.x"
      }
    },
    "node_modules/angular-cookies": {
      "version": "1.7.9",
      "resolved": "https://registry.npmjs.org/angular-cookies/-/angular-cookies-1.7.9.tgz",
      "integrity": "sha512-3eRq/aPrtCZKDWQnc3nW3sFoMbLiHkCkyDF2O9u7VXnqvVsUPaipk5R1ZqahgcSQHQrN/F5IU4T4nrz52qAZmA==",
      "deprecated": "For the actively supported Angular, see https://www.npmjs.com/package/@angular/core. AngularJS support has officially ended. For extended AngularJS support options, see https://goo.gle/angularjs-path-forward."
    },
    "node_modules/angular-datatables": {
      "version": "0.6.2",
      "resolved": "https://registry.npmjs.org/angular-datatables/-/angular-datatables-0.6.2.tgz",
      "integrity": "sha512-xMxaQLEKD/UFiivcpmKyuGIjc/AMF2z9o5ypCN36M1JFO1sRyCzJpW2PZwT+uuJqCCSgRa5q5R35eDW3EG4B7Q==",
      "dependencies": {
        "angular": ">=1.6.0",
        "datatables.net": "^1.10.11",
        "datatables.net-dt": "^1.10.11",
        "jquery": ">=1.11.0"
      },
      "engines": {
        "node": ">=0.8.0"
      }
    },
    "node_modules/angular-ladda": {
      "version": "0.4.3",
      "resolved": "https://registry.npmjs.org/angular-ladda/-/angular-ladda-0.4.3.tgz",
      "integrity": "sha512-hhE0Xz2+TS1obg64k8ymshh48jhlqS/0Mm/VbAPahYCiMbFTfgwXG21iJwTJVSpCQs2ZonM7cg/oRsJsspc8nw==",
      "dependencies": {
        "ladda": ">=0.9.8"
      },
      "peerDependencies": {
        "angular": ">=1.2.0 <2.0"
      }
    },
    "node_modules/angular-loader": {
      "version": "1.7.9",
      "resolved": "https://registry.npmjs.org/angular-loader/-/angular-loader-1.7.9.tgz",
      "integrity": "sha512-Hei0AQ96P2qzduWZtAsHvxUnLSLSAxpkjYc7F0JAwNPA14rXYKt20a9crc8CWd/v45Dkz7+SFhb2QMx5nCyNLQ=="
    },
    "node_modules/angular-messages": {
      "version": "1.7.9",
      "resolved": "https://registry.npmjs.org/angular-messages/-/angular-messages-1.7.9.tgz",
      "integrity": "sha512-OdJihuO6AW+m1/r9OdW5riCwacn3dL1agQvgu6Cww3a7OARXXN0vxOpsZCNk4yg4CuD7Et3tiz4DymhvZkydvw=="
    },
    "node_modules/angular-mocks": {
      "version": "1.7.9",
      "resolved": "https://registry.npmjs.org/angular-mocks/-/angular-mocks-1.7.9.tgz",
      "integrity": "sha512-LQRqqiV3sZ7NTHBnNmLT0bXtE5e81t97+hkJ56oU0k3dqKv1s6F+nBWRlOVzqHWPGFOiPS8ZJVdrS8DFzHyNIA=="
    },
    "node_modules/angular-parse-ext": {
      "version": "1.7.9",
      "resolved": "https://registry.npmjs.org/angular-parse-ext/-/angular-parse-ext-1.7.9.tgz",
      "integrity": "sha512-BpJ4dIJ2qlChjL5hK3x780ACgekKLEsGQ/T9f2ku8Ng3ieVMKhf10VTV1o80O6NsevDmZBTwO+2p2chzCGbXqA==",
      "deprecated": "For the actively supported Angular, see https://www.npmjs.com/package/@angular/core. AngularJS support has officially ended. For extended AngularJS support options, see https://goo.gle/angularjs-path-forward."
    },
    "node_modules/angular-resource": {
      "version": "1.7.9",
      "resolved": "https://registry.npmjs.org/angular-resource/-/angular-resource-1.7.9.tgz",
      "integrity": "sha512-rXXhCE2qT31Pn4Sl+2XL+ntv4zxnA2OzY+clCl8/pOp/s/gIzxpQlEtXipo3QK8Qur3glbIkeF/bJw+gjVAdUw==",
      "deprecated": "For the actively supported Angular, see https://www.npmjs.com/package/@angular/core. AngularJS support has officially ended. For extended AngularJS support options, see https://goo.gle/angularjs-path-forward."
    },
    "node_modules/angular-route": {
      "version": "1.7.9",
      "resolved": "https://registry.npmjs.org/angular-route/-/angular-route-1.7.9.tgz",
      "integrity": "sha512-vRoj5hzdQtWbODhWJqDzD1iNOEfCKshO6GFBuPVV7RHlPjzIc4R2dHCc7Qiv/8F3LDxJDohc6vSnTDMLHuaqeA==",
      "deprecated": "For the actively supported Angular, see https://www.npmjs.com/package/@angular/core. AngularJS support has officially ended. For extended AngularJS support options, see https://goo.gle/angularjs-path-forward."
    },
    "node_modules/angular-sanitize": {
      "version": "1.7.9",
      "resolved": "https://registry.npmjs.org/angular-sanitize/-/angular-sanitize-1.7.9.tgz",
      "integrity": "sha512-nB/xe7JQWF9nLvhHommAICQ3eWrfRETo0EVGFESi952CDzDa+GAJ/2BFBNw44QqQPxj1Xua/uYKrbLsOGWZdbQ==",
      "deprecated": "For the actively supported Angular, see https://www.npmjs.com/package/@angular/core. AngularJS support has officially ended. For extended AngularJS support options, see https://goo.gle/angularjs-path-forward."
    },
    "node_modules/angular-sweetalert": {
      "version": "1.1.2",
      "resolved": "https://registry.npmjs.org/angular-sweetalert/-/angular-sweetalert-1.1.2.tgz",
      "integrity": "sha512-7a+KUTMhqypSwtBUyt0YPKF/NwJ/zYrxoVauL6q13C76CXOu6aacWXPtxdEx3PXwb1yL5s9TMJ9vSdL74R+Q/g==",
      "dependencies": {
        "angular": "^1.3.14",
        "sweetalert": "^0.4.2"
      }
    },
    "node_modules/angular-touch": {
      "version": "1.7.9",
      "resolved": "https://registry.npmjs.org/angular-touch/-/angular-touch-1.7.9.tgz",
      "integrity": "sha512-qNKWUnecfah4mZxG7GM96AemhXyOVcE03kg3SrWExfmyO/hQNPE50Qqyszb+1UE8GO7WiWOYn1Y5wn9CtOInqA==",
      "deprecated": "For the actively supported Angular, see https://www.npmjs.com/package/@angular/core. AngularJS support has officially ended. For extended AngularJS support options, see https://goo.gle/angularjs-path-forward."
    },
    "node_modules/angular-ui-bootstrap": {
      "version": "1.1.2",
      "resolved": "https://registry.npmjs.org/angular-ui-bootstrap/-/angular-ui-bootstrap-1.1.2.tgz",
      "integrity": "sha512-CqNWrqO7CjBwqgmM8qQlL4OZvvN8Gf1xh90bOHIGJrKbXJUGkJmvsp0bhle/7hHH4WX3KsB921MkXL7wMZM94A=="
    },
    "node_modules/angularjs-toaster": {
      "version": "0.4.15",
      "resolved": "https://registry.npmjs.org/angularjs-toaster/-/angularjs-toaster-0.4.15.tgz",
      "integrity": "sha512-ts61IwX5AMZjRcvvS+AB90p0qchtckpCqGyW59G/IpSfXNkmjxVwKAnwfVj6g5MxqVUS0xX1FRA2vnvJ6P+jQw=="
    },
    "node_modules/bootstrap": {
      "version": "3.3.6",
      "resolved": "https://registry.npmjs.org/bootstrap/-/bootstrap-3.3.6.tgz",
      "integrity": "sha512-XC+LTYJoVYHIalmjNcznwlZHY+YLhMJ9NPs8M2aEweugK7wMrto3h79POn7O5Vj/woDU/tjzmjyUbAd1HzSXIw==",
      "engines": {
        "node": ">=0.10.1"
      }
    },
    "node_modules/chart.js": {
      "version": "2.3.0",
      "resolved": "https://registry.npmjs.org/chart.js/-/chart.js-2.3.0.tgz",
      "integrity": "sha512-LwJ6j1FNneojxFYewnz9QDQyjV++KN2s/Lgm0eipDUaKV3Fj5jOA3xtJg7AUGFcbhsYB4+Kn16c1bXwRxbOXow==",
      "dependencies": {
        "chartjs-color": "^2.0.0",
        "moment": "^2.10.6"
      }
    },
    "node_modules/chart.js/node_modules/moment": {
      "version": "2.29.4",
      "resolved": "https://registry.npmjs.org/moment/-/moment-2.29.4.tgz",
      "integrity": "sha512-5LC9SOxjSc2HF6vO2CyuTDNivEdoz2IvyJJGj6X8DJ0eFyfszE0QiEd+iXmBvUP3WHxSjFH/vIsA0EN00cgr8w==",
      "engines": {
        "node": "*"
      }
    },
    "node_modules/chartjs-color": {
      "version": "2.4.1",
      "resolved": "https://registry.npmjs.org/chartjs-color/-/chartjs-color-2.4.1.tgz",
      "integrity": "sha512-haqOg1+Yebys/Ts/9bLo/BqUcONQOdr/hoEr2LLTRl6C5LXctUdHxsCYfvQVg5JIxITrfCNUDr4ntqmQk9+/0w==",
      "dependencies": {
        "chartjs-color-string": "^0.6.0",
        "color-convert": "^1.9.3"
      }
    },
    "node_modules/chartjs-color-string": {
      "version": "0.6.0",
      "resolved": "https://registry.npmjs.org/chartjs-color-string/-/chartjs-color-string-0.6.0.tgz",
      "integrity": "sha512-TIB5OKn1hPJvO7JcteW4WY/63v6KwEdt6udfnDE9iCAZgy+V4SrbSxoIbTw/xkUIapjEI4ExGtD0+6D3KyFd7A==",
      "dependencies": {
        "color-name": "^1.0.0"
      }
    },
    "node_modules/color-convert": {
      "version": "1.9.3",
      "resolved": "https://registry.npmjs.org/color-convert/-/color-convert-1.9.3.tgz",
      "integrity": "sha512-QfAUtd+vFdAtFQcC8CCyYt1fYWxSqAiK2cSD6zDB8N3cpsEBAvRxp9zOGg6G/SHHJYAT88/az/IuDGALsNVbGg==",
      "dependencies": {
        "color-name": "1.1.3"
      }
    },
    "node_modules/color-convert/node_modules/color-name": {
      "version": "1.1.3",
      "resolved": "https://registry.npmjs.org/color-name/-/color-name-1.1.3.tgz",
      "integrity": "sha512-72fSenhMw2HZMTVHeCA9KCmpEIbzWiQsjN+BHcBbS9vr1mtt+vJjPdksIBNUmKAW8TFUDPJK5SUU3QhE9NEXDw=="
    },
    "node_modules/color-name": {
      "version": "1.1.4",
      "resolved": "https://registry.npmjs.org/color-name/-/color-name-1.1.4.tgz",
      "integrity": "sha512-dOy+3AuW3a2wNbZHIuMZpTcgjGuLU/uBL/ubcZF9OXbDo8ff4O8yVp5Bf0efS8uEoYo5q4Fx7dY9OgQGXgAsQA=="
    },
    "node_modules/datatables.net": {
      "version": "1.13.4",
      "resolved": "https://registry.npmjs.org/datatables.net/-/datatables.net-1.13.4.tgz",
      "integrity": "sha512-yzhArTOB6tPO2QFKm1z3hA4vabtt2hRvgw8XLsT1xqEirinfGYqWDiWXlkTPTaJv2e7gG+Kf985sXkzBFlGrGQ==",
      "dependencies": {
        "jquery": ">=1.7"
      }
    },
    "node_modules/datatables.net-dt": {
      "version": "1.13.4",
      "resolved": "https://registry.npmjs.org/datatables.net-dt/-/datatables.net-dt-1.13.4.tgz",
      "integrity": "sha512-QAvuEej/qKSiaSmSeDQ36wWO72XzFGKkd0jdiqbp+2FHAAzIk+ffsqQAwylystMoBSiO0zlcdaqHoAPa5Dy7Pg==",
      "dependencies": {
        "datatables.net": ">=1.12.1",
        "jquery": ">=1.7"
      }
    },
    "node_modules/font-awesome": {
      "version": "4.7.0",
      "resolved": "https://registry.npmjs.org/font-awesome/-/font-awesome-4.7.0.tgz",
      "integrity": "sha512-U6kGnykA/6bFmg1M/oT9EkFeIYv7JlX3bozwQJWiiLz6L0w3F5vBVPxHlwyX/vtNq1ckcpRKOB9f2Qal/VtFpg==",
      "engines": {
        "node": ">=0.10.3"
      }
    },
    "node_modules/jquery": {
      "version": "2.1.1",
      "resolved": "https://registry.npmjs.org/jquery/-/jquery-2.1.1.tgz",
      "integrity": "sha512-y+iOyLV9My82vtN1cc96DLlklSv15h5Jjug52TK+vXmgtN/dE89WvmP1W/g7lL+RWFzdsTmBwJgX/yf4RY9mPA=="
    },
    "node_modules/jquery-slimscroll": {
      "version": "1.3.6",
      "resolved": "https://registry.npmjs.org/jquery-slimscroll/-/jquery-slimscroll-1.3.6.tgz",
      "integrity": "sha512-/zpIN4NtwTUtkpd5cteosCZEWKVhFfW+wMdCdESRhMwc/NwJrixTUb6AFaJHPw4n4aT5PfXVTTlMT3yQLoWkDg==",
      "dependencies": {
        "jquery": ">= 1.7"
      }
    },
    "node_modules/jquery-ui": {
      "version": "1.10.4",
      "resolved": "https://registry.npmjs.org/jquery-ui/-/jquery-ui-1.10.4.tgz",
      "integrity": "sha512-VdBz+azK9w7aLfrynqRjhDClgKF57L5fOcj6xDRar/PC0F/WFVD2a5Rfp1W15NYa2kkAvKp1YzAd2/lnGlmOmw=="
    },
    "node_modules/ladda": {
      "version": "2.0.3",
      "resolved": "https://registry.npmjs.org/ladda/-/ladda-2.0.3.tgz",
      "integrity": "sha512-b/m5BP2M2s37GkwEMBJV6mnvLsFUUo1pdn13n6x18bPEFFf+zEl5TmeeqYXmUjgkEEugICe+dTvmciteJ+CGcQ==",
      "dependencies": {
        "spin.js": "^4.1.1"
      }
    },
    "node_modules/metismenu": {
      "version": "2.0.2",
      "resolved": "https://registry.npmjs.org/metismenu/-/metismenu-2.0.2.tgz",
      "integrity": "sha512-pj/XqvCefmU8pFmH/PkPCx6NbbIsqFaNnCdE18qS5exfwN7sINCDx5WurDtmXXUNeaUESlwqKzlrvLKhAzhmPA=="
    },
    "node_modules/moment": {
      "version": "2.8.1",
      "resolved": "https://registry.npmjs.org/moment/-/moment-2.8.1.tgz",
      "integrity": "sha512-KlN0Z84Dk09DsH1otTZIB9FLSuGMw77CuYHdGKowXzY6IRk57p04vogUWaXgzxR658WPtqqVWlJ+bdfwqQQMbg==",
      "engines": {
        "node": "*"
      }
    },
    "node_modules/ng-idle": {
      "version": "1.0.4",
      "resolved": "https://registry.npmjs.org/ng-idle/-/ng-idle-1.0.4.tgz",
      "integrity": "sha512-IkA1ffyCJKSRMXXeNJmGVa+5MJyXAFsHh6kIzAUBGpJoT+C6iuvGGw/wpELQhhjzD8snSeL2goBFzmTIAdm6GA=="
    },
    "node_modules/oclazyload": {
      "version": "1.1.0",
      "resolved": "https://registry.npmjs.org/oclazyload/-/oclazyload-1.1.0.tgz",
      "integrity": "sha512-FpY2eqF6kK9wEyLDP3x0sysm4pwU2BNRuDzBPB1Qwkdt2kC4J1faGersbM+0qHSsJk4bf1gJYOvCle1RJBl/BQ=="
    },
    "node_modules/pace-js": {
      "version": "1.2.4",
      "resolved": "https://registry.npmjs.org/pace-js/-/pace-js-1.2.4.tgz",
      "integrity": "sha512-qnCxtvUoY9yHId0AwMQCVmWltb698GiuVArmDbQzonTu9QCo0SgWUVnX9jB9mi+/FUSWvQULBPxUAAo/kLrh1A=="
    },
    "node_modules/prismjs": {
      "version": "1.25.0",
      "resolved": "https://registry.npmjs.org/prismjs/-/prismjs-1.25.0.tgz",
      "integrity": "sha512-WCjJHl1KEWbnkQom1+SzftbtXMKQoezOCYs5rECqMN+jP+apI7ftoflyqigqzopSO3hMhTEb0mFClA8lkolgEg=="
    },
    "node_modules/spin.js": {
      "version": "4.1.1",
      "resolved": "https://registry.npmjs.org/spin.js/-/spin.js-4.1.1.tgz",
      "integrity": "sha512-3cjbjZBw8TmZmvzcmlXqArUpefJ1vGgQZ+dh1CdyDyxZZNxNmw+2Dq5jyoP/OCqQP+z78rWgSJX9m3uMuGaxxw=="
    },
    "node_modules/sweetalert": {
      "version": "0.4.2",
      "resolved": "https://registry.npmjs.org/sweetalert/-/sweetalert-0.4.2.tgz",
      "integrity": "sha512-ZqjrUIm1ouCcLZD4VXonOKdMHh+HUurGwQf5Drlb/LTtHuRVpfh7C90U43kmjFNUuiHo7gvQniw3gn1yhQpOtQ=="
    },
    "node_modules/tinycon": {
      "version": "0.6.8",
      "resolved": "https://registry.npmjs.org/tinycon/-/tinycon-0.6.8.tgz",
      "integrity": "sha512-bF8Lxm4JUXF6Cw0XlZdugJ44GV575OinZ0Pt8vQPr8ooNqd2yyNkoFdCHzmdpHlgoqfSLfcyk4HDP1EyllT+ug=="
    }
  }
}
